// !$*UTF8*$!
{
	archiveVersion = 1;
	classes = {
	};
	objectVersion = 56;
	objects = {

/* Begin PBXBuildFile section */
		CBAA70DB2B8253B500CB9D41 /* AppDelegate.swift in Sources */ = {isa = PBXBuildFile; fileRef = CBAA70DA2B8253B500CB9D41 /* AppDelegate.swift */; };
		CBAA70DD2B8253B500CB9D41 /* SceneDelegate.swift in Sources */ = {isa = PBXBuildFile; fileRef = CBAA70DC2B8253B500CB9D41 /* SceneDelegate.swift */; };
		CBAA70DF2B8253B500CB9D41 /* ViewController.swift in Sources */ = {isa = PBXBuildFile; fileRef = CBAA70DE2B8253B500CB9D41 /* ViewController.swift */; };
		CBAA70E22B8253B500CB9D41 /* Main.storyboard in Resources */ = {isa = PBXBuildFile; fileRef = CBAA70E02B8253B500CB9D41 /* Main.storyboard */; };
		CBAA70E42B8253BC00CB9D41 /* Assets.xcassets in Resources */ = {isa = PBXBuildFile; fileRef = CBAA70E32B8253BC00CB9D41 /* Assets.xcassets */; };
		CBAA70E72B8253BC00CB9D41 /* LaunchScreen.storyboard in Resources */ = {isa = PBXBuildFile; fileRef = CBAA70E52B8253BC00CB9D41 /* LaunchScreen.storyboard */; };
		CBAA70F22B8253BC00CB9D41 /* RPSTests.swift in Sources */ = {isa = PBXBuildFile; fileRef = CBAA70F12B8253BC00CB9D41 /* RPSTests.swift */; };
		CBAA70FC2B8253BC00CB9D41 /* RPSUITests.swift in Sources */ = {isa = PBXBuildFile; fileRef = CBAA70FB2B8253BC00CB9D41 /* RPSUITests.swift */; };
		CBAA70FE2B8253BC00CB9D41 /* RPSUITestsLaunchTests.swift in Sources */ = {isa = PBXBuildFile; fileRef = CBAA70FD2B8253BC00CB9D41 /* RPSUITestsLaunchTests.swift */; };
		CBAA710B2B82580100CB9D41 /* GameViewController.swift in Sources */ = {isa = PBXBuildFile; fileRef = CBAA710A2B82580100CB9D41 /* GameViewController.swift */; };
/* End PBXBuildFile section */

/* Begin PBXContainerItemProxy section */
		CBAA70EE2B8253BC00CB9D41 /* PBXContainerItemProxy */ = {
			isa = PBXContainerItemProxy;
			containerPortal = CBAA70CF2B8253B500CB9D41 /* Project object */;
			proxyType = 1;
			remoteGlobalIDString = CBAA70D62B8253B500CB9D41;
			remoteInfo = RPS;
		};
		CBAA70F82B8253BC00CB9D41 /* PBXContainerItemProxy */ = {
			isa = PBXContainerItemProxy;
			containerPortal = CBAA70CF2B8253B500CB9D41 /* Project object */;
			proxyType = 1;
			remoteGlobalIDString = CBAA70D62B8253B500CB9D41;
			remoteInfo = RPS;
		};
/* End PBXContainerItemProxy section */

/* Begin PBXFileReference section */
		CBAA70D72B8253B500CB9D41 /* RPS.app */ = {isa = PBXFileReference; explicitFileType = wrapper.application; includeInIndex = 0; path = RPS.app; sourceTree = BUILT_PRODUCTS_DIR; };
		CBAA70DA2B8253B500CB9D41 /* AppDelegate.swift */ = {isa = PBXFileReference; lastKnownFileType = sourcecode.swift; path = AppDelegate.swift; sourceTree = "<group>"; };
		CBAA70DC2B8253B500CB9D41 /* SceneDelegate.swift */ = {isa = PBXFileReference; lastKnownFileType = sourcecode.swift; path = SceneDelegate.swift; sourceTree = "<group>"; };
		CBAA70DE2B8253B500CB9D41 /* ViewController.swift */ = {isa = PBXFileReference; lastKnownFileType = sourcecode.swift; path = ViewController.swift; sourceTree = "<group>"; };
		CBAA70E12B8253B500CB9D41 /* Base */ = {isa = PBXFileReference; lastKnownFileType = file.storyboard; name = Base; path = Base.lproj/Main.storyboard; sourceTree = "<group>"; };
		CBAA70E32B8253BC00CB9D41 /* Assets.xcassets */ = {isa = PBXFileReference; lastKnownFileType = folder.assetcatalog; path = Assets.xcassets; sourceTree = "<group>"; };
		CBAA70E62B8253BC00CB9D41 /* Base */ = {isa = PBXFileReference; lastKnownFileType = file.storyboard; name = Base; path = Base.lproj/LaunchScreen.storyboard; sourceTree = "<group>"; };
		CBAA70E82B8253BC00CB9D41 /* Info.plist */ = {isa = PBXFileReference; lastKnownFileType = text.plist.xml; path = Info.plist; sourceTree = "<group>"; };
		CBAA70ED2B8253BC00CB9D41 /* RPSTests.xctest */ = {isa = PBXFileReference; explicitFileType = wrapper.cfbundle; includeInIndex = 0; path = RPSTests.xctest; sourceTree = BUILT_PRODUCTS_DIR; };
		CBAA70F12B8253BC00CB9D41 /* RPSTests.swift */ = {isa = PBXFileReference; lastKnownFileType = sourcecode.swift; path = RPSTests.swift; sourceTree = "<group>"; };
		CBAA70F72B8253BC00CB9D41 /* RPSUITests.xctest */ = {isa = PBXFileReference; explicitFileType = wrapper.cfbundle; includeInIndex = 0; path = RPSUITests.xctest; sourceTree = BUILT_PRODUCTS_DIR; };
		CBAA70FB2B8253BC00CB9D41 /* RPSUITests.swift */ = {isa = PBXFileReference; lastKnownFileType = sourcecode.swift; path = RPSUITests.swift; sourceTree = "<group>"; };
		CBAA70FD2B8253BC00CB9D41 /* RPSUITestsLaunchTests.swift */ = {isa = PBXFileReference; lastKnownFileType = sourcecode.swift; path = RPSUITestsLaunchTests.swift; sourceTree = "<group>"; };
		CBAA710A2B82580100CB9D41 /* GameViewController.swift */ = {isa = PBXFileReference; lastKnownFileType = sourcecode.swift; path = GameViewController.swift; sourceTree = "<group>"; };
/* End PBXFileReference section */

/* Begin PBXFrameworksBuildPhase section */
		CBAA70D42B8253B500CB9D41 /* Frameworks */ = {
			isa = PBXFrameworksBuildPhase;
			buildActionMask = 2147483647;
			files = (
			);
			runOnlyForDeploymentPostprocessing = 0;
		};
		CBAA70EA2B8253BC00CB9D41 /* Frameworks */ = {
			isa = PBXFrameworksBuildPhase;
			buildActionMask = 2147483647;
			files = (
			);
			runOnlyForDeploymentPostprocessing = 0;
		};
		CBAA70F42B8253BC00CB9D41 /* Frameworks */ = {
			isa = PBXFrameworksBuildPhase;
			buildActionMask = 2147483647;
			files = (
			);
			runOnlyForDeploymentPostprocessing = 0;
		};
/* End PBXFrameworksBuildPhase section */

/* Begin PBXGroup section */
		CBAA70CE2B8253B500CB9D41 = {
			isa = PBXGroup;
			children = (
				CBAA70D92B8253B500CB9D41 /* RPS */,
				CBAA70F02B8253BC00CB9D41 /* RPSTests */,
				CBAA70FA2B8253BC00CB9D41 /* RPSUITests */,
				CBAA70D82B8253B500CB9D41 /* Products */,
			);
			sourceTree = "<group>";
		};
		CBAA70D82B8253B500CB9D41 /* Products */ = {
			isa = PBXGroup;
			children = (
				CBAA70D72B8253B500CB9D41 /* RPS.app */,
				CBAA70ED2B8253BC00CB9D41 /* RPSTests.xctest */,
				CBAA70F72B8253BC00CB9D41 /* RPSUITests.xctest */,
			);
			name = Products;
			sourceTree = "<group>";
		};
		CBAA70D92B8253B500CB9D41 /* RPS */ = {
			isa = PBXGroup;
			children = (
				CBAA70DA2B8253B500CB9D41 /* AppDelegate.swift */,
				CBAA70DC2B8253B500CB9D41 /* SceneDelegate.swift */,
				CBAA70DE2B8253B500CB9D41 /* ViewController.swift */,
				CBAA710A2B82580100CB9D41 /* GameViewController.swift */,
				CBAA70E02B8253B500CB9D41 /* Main.storyboard */,
				CBAA70E32B8253BC00CB9D41 /* Assets.xcassets */,
				CBAA70E52B8253BC00CB9D41 /* LaunchScreen.storyboard */,
				CBAA70E82B8253BC00CB9D41 /* Info.plist */,
			);
			path = RPS;
			sourceTree = "<group>";
		};
		CBAA70F02B8253BC00CB9D41 /* RPSTests */ = {
			isa = PBXGroup;
			children = (
				CBAA70F12B8253BC00CB9D41 /* RPSTests.swift */,
			);
			path = RPSTests;
			sourceTree = "<group>";
		};
		CBAA70FA2B8253BC00CB9D41 /* RPSUITests */ = {
			isa = PBXGroup;
			children = (
				CBAA70FB2B8253BC00CB9D41 /* RPSUITests.swift */,
				CBAA70FD2B8253BC00CB9D41 /* RPSUITestsLaunchTests.swift */,
			);
			path = RPSUITests;
			sourceTree = "<group>";
		};
/* End PBXGroup section */

/* Begin PBXNativeTarget section */
		CBAA70D62B8253B500CB9D41 /* RPS */ = {
			isa = PBXNativeTarget;
			buildConfigurationList = CBAA71012B8253BC00CB9D41 /* Build configuration list for PBXNativeTarget "RPS" */;
			buildPhases = (
				CBAA70D32B8253B500CB9D41 /* Sources */,
				CBAA70D42B8253B500CB9D41 /* Frameworks */,
				CBAA70D52B8253B500CB9D41 /* Resources */,
			);
			buildRules = (
			);
			dependencies = (
			);
			name = RPS;
			productName = RPS;
			productReference = CBAA70D72B8253B500CB9D41 /* RPS.app */;
			productType = "com.apple.product-type.application";
		};
		CBAA70EC2B8253BC00CB9D41 /* RPSTests */ = {
			isa = PBXNativeTarget;
			buildConfigurationList = CBAA71042B8253BC00CB9D41 /* Build configuration list for PBXNativeTarget "RPSTests" */;
			buildPhases = (
				CBAA70E92B8253BC00CB9D41 /* Sources */,
				CBAA70EA2B8253BC00CB9D41 /* Frameworks */,
				CBAA70EB2B8253BC00CB9D41 /* Resources */,
			);
			buildRules = (
			);
			dependencies = (
				CBAA70EF2B8253BC00CB9D41 /* PBXTargetDependency */,
			);
			name = RPSTests;
			productName = RPSTests;
			productReference = CBAA70ED2B8253BC00CB9D41 /* RPSTests.xctest */;
			productType = "com.apple.product-type.bundle.unit-test";
		};
		CBAA70F62B8253BC00CB9D41 /* RPSUITests */ = {
			isa = PBXNativeTarget;
			buildConfigurationList = CBAA71072B8253BC00CB9D41 /* Build configuration list for PBXNativeTarget "RPSUITests" */;
			buildPhases = (
				CBAA70F32B8253BC00CB9D41 /* Sources */,
				CBAA70F42B8253BC00CB9D41 /* Frameworks */,
				CBAA70F52B8253BC00CB9D41 /* Resources */,
			);
			buildRules = (
			);
			dependencies = (
				CBAA70F92B8253BC00CB9D41 /* PBXTargetDependency */,
			);
			name = RPSUITests;
			productName = RPSUITests;
			productReference = CBAA70F72B8253BC00CB9D41 /* RPSUITests.xctest */;
			productType = "com.apple.product-type.bundle.ui-testing";
		};
/* End PBXNativeTarget section */

/* Begin PBXProject section */
		CBAA70CF2B8253B500CB9D41 /* Project object */ = {
			isa = PBXProject;
			attributes = {
				BuildIndependentTargetsInParallel = 1;
				LastSwiftUpdateCheck = 1520;
				LastUpgradeCheck = 1520;
				TargetAttributes = {
					CBAA70D62B8253B500CB9D41 = {
						CreatedOnToolsVersion = 15.2;
					};
					CBAA70EC2B8253BC00CB9D41 = {
						CreatedOnToolsVersion = 15.2;
						TestTargetID = CBAA70D62B8253B500CB9D41;
					};
					CBAA70F62B8253BC00CB9D41 = {
						CreatedOnToolsVersion = 15.2;
						TestTargetID = CBAA70D62B8253B500CB9D41;
					};
				};
			};
			buildConfigurationList = CBAA70D22B8253B500CB9D41 /* Build configuration list for PBXProject "RPS" */;
			compatibilityVersion = "Xcode 14.0";
			developmentRegion = en;
			hasScannedForEncodings = 0;
			knownRegions = (
				en,
				Base,
			);
			mainGroup = CBAA70CE2B8253B500CB9D41;
			productRefGroup = CBAA70D82B8253B500CB9D41 /* Products */;
			projectDirPath = "";
			projectRoot = "";
			targets = (
				CBAA70D62B8253B500CB9D41 /* RPS */,
				CBAA70EC2B8253BC00CB9D41 /* RPSTests */,
				CBAA70F62B8253BC00CB9D41 /* RPSUITests */,
			);
		};
/* End PBXProject section */

/* Begin PBXResourcesBuildPhase section */
		CBAA70D52B8253B500CB9D41 /* Resources */ = {
			isa = PBXResourcesBuildPhase;
			buildActionMask = 2147483647;
			files = (
				CBAA70E72B8253BC00CB9D41 /* LaunchScreen.storyboard in Resources */,
				CBAA70E42B8253BC00CB9D41 /* Assets.xcassets in Resources */,
				CBAA70E22B8253B500CB9D41 /* Main.storyboard in Resources */,
			);
			runOnlyForDeploymentPostprocessing = 0;
		};
		CBAA70EB2B8253BC00CB9D41 /* Resources */ = {
			isa = PBXResourcesBuildPhase;
			buildActionMask = 2147483647;
			files = (
			);
			runOnlyForDeploymentPostprocessing = 0;
		};
		CBAA70F52B8253BC00CB9D41 /* Resources */ = {
			isa = PBXResourcesBuildPhase;
			buildActionMask = 2147483647;
			files = (
			);
			runOnlyForDeploymentPostprocessing = 0;
		};
/* End PBXResourcesBuildPhase section */

/* Begin PBXSourcesBuildPhase section */
		CBAA70D32B8253B500CB9D41 /* Sources */ = {
			isa = PBXSourcesBuildPhase;
			buildActionMask = 2147483647;
			files = (
				CBAA710B2B82580100CB9D41 /* GameViewController.swift in Sources */,
				CBAA70DF2B8253B500CB9D41 /* ViewController.swift in Sources */,
				CBAA70DB2B8253B500CB9D41 /* AppDelegate.swift in Sources */,
				CBAA70DD2B8253B500CB9D41 /* SceneDelegate.swift in Sources */,
			);
			runOnlyForDeploymentPostprocessing = 0;
		};
		CBAA70E92B8253BC00CB9D41 /* Sources */ = {
			isa = PBXSourcesBuildPhase;
			buildActionMask = 2147483647;
			files = (
				CBAA70F22B8253BC00CB9D41 /* RPSTests.swift in Sources */,
			);
			runOnlyForDeploymentPostprocessing = 0;
		};
		CBAA70F32B8253BC00CB9D41 /* Sources */ = {
			isa = PBXSourcesBuildPhase;
			buildActionMask = 2147483647;
			files = (
				CBAA70FE2B8253BC00CB9D41 /* RPSUITestsLaunchTests.swift in Sources */,
				CBAA70FC2B8253BC00CB9D41 /* RPSUITests.swift in Sources */,
			);
			runOnlyForDeploymentPostprocessing = 0;
		};
/* End PBXSourcesBuildPhase section */

/* Begin PBXTargetDependency section */
		CBAA70EF2B8253BC00CB9D41 /* PBXTargetDependency */ = {
			isa = PBXTargetDependency;
			target = CBAA70D62B8253B500CB9D41 /* RPS */;
			targetProxy = CBAA70EE2B8253BC00CB9D41 /* PBXContainerItemProxy */;
		};
		CBAA70F92B8253BC00CB9D41 /* PBXTargetDependency */ = {
			isa = PBXTargetDependency;
			target = CBAA70D62B8253B500CB9D41 /* RPS */;
			targetProxy = CBAA70F82B8253BC00CB9D41 /* PBXContainerItemProxy */;
		};
/* End PBXTargetDependency section */

/* Begin PBXVariantGroup section */
		CBAA70E02B8253B500CB9D41 /* Main.storyboard */ = {
			isa = PBXVariantGroup;
			children = (
				CBAA70E12B8253B500CB9D41 /* Base */,
			);
			name = Main.storyboard;
			sourceTree = "<group>";
		};
		CBAA70E52B8253BC00CB9D41 /* LaunchScreen.storyboard */ = {
			isa = PBXVariantGroup;
			children = (
				CBAA70E62B8253BC00CB9D41 /* Base */,
			);
			name = LaunchScreen.storyboard;
			sourceTree = "<group>";
		};
/* End PBXVariantGroup section */

/* Begin XCBuildConfiguration section */
		CBAA70FF2B8253BC00CB9D41 /* Debug */ = {
			isa = XCBuildConfiguration;
			buildSettings = {
				ALWAYS_SEARCH_USER_PATHS = NO;
				ASSETCATALOG_COMPILER_GENERATE_SWIFT_ASSET_SYMBOL_EXTENSIONS = YES;
				CLANG_ANALYZER_NONNULL = YES;
				CLANG_ANALYZER_NUMBER_OBJECT_CONVERSION = YES_AGGRESSIVE;
				CLANG_CXX_LANGUAGE_STANDARD = "gnu++20";
				CLANG_ENABLE_MODULES = YES;
				CLANG_ENABLE_OBJC_ARC = YES;
				CLANG_ENABLE_OBJC_WEAK = YES;
				CLANG_WARN_BLOCK_CAPTURE_AUTORELEASING = YES;
				CLANG_WARN_BOOL_CONVERSION = YES;
				CLANG_WARN_COMMA = YES;
				CLANG_WARN_CONSTANT_CONVERSION = YES;
				CLANG_WARN_DEPRECATED_OBJC_IMPLEMENTATIONS = YES;
				CLANG_WARN_DIRECT_OBJC_ISA_USAGE = YES_ERROR;
				CLANG_WARN_DOCUMENTATION_COMMENTS = YES;
				CLANG_WARN_EMPTY_BODY = YES;
				CLANG_WARN_ENUM_CONVERSION = YES;
				CLANG_WARN_INFINITE_RECURSION = YES;
				CLANG_WARN_INT_CONVERSION = YES;
				CLANG_WARN_NON_LITERAL_NULL_CONVERSION = YES;
				CLANG_WARN_OBJC_IMPLICIT_RETAIN_SELF = YES;
				CLANG_WARN_OBJC_LITERAL_CONVERSION = YES;
				CLANG_WARN_OBJC_ROOT_CLASS = YES_ERROR;
				CLANG_WARN_QUOTED_INCLUDE_IN_FRAMEWORK_HEADER = YES;
				CLANG_WARN_RANGE_LOOP_ANALYSIS = YES;
				CLANG_WARN_STRICT_PROTOTYPES = YES;
				CLANG_WARN_SUSPICIOUS_MOVE = YES;
				CLANG_WARN_UNGUARDED_AVAILABILITY = YES_AGGRESSIVE;
				CLANG_WARN_UNREACHABLE_CODE = YES;
				CLANG_WARN__DUPLICATE_METHOD_MATCH = YES;
				COPY_PHASE_STRIP = NO;
				DEBUG_INFORMATION_FORMAT = dwarf;
				ENABLE_STRICT_OBJC_MSGSEND = YES;
				ENABLE_TESTABILITY = YES;
				ENABLE_USER_SCRIPT_SANDBOXING = YES;
				GCC_C_LANGUAGE_STANDARD = gnu17;
				GCC_DYNAMIC_NO_PIC = NO;
				GCC_NO_COMMON_BLOCKS = YES;
				GCC_OPTIMIZATION_LEVEL = 0;
				GCC_PREPROCESSOR_DEFINITIONS = (
					"DEBUG=1",
					"$(inherited)",
				);
				GCC_WARN_64_TO_32_BIT_CONVERSION = YES;
				GCC_WARN_ABOUT_RETURN_TYPE = YES_ERROR;
				GCC_WARN_UNDECLARED_SELECTOR = YES;
				GCC_WARN_UNINITIALIZED_AUTOS = YES_AGGRESSIVE;
				GCC_WARN_UNUSED_FUNCTION = YES;
				GCC_WARN_UNUSED_VARIABLE = YES;
				IPHONEOS_DEPLOYMENT_TARGET = 17.2;
				LOCALIZATION_PREFERS_STRING_CATALOGS = YES;
				MTL_ENABLE_DEBUG_INFO = INCLUDE_SOURCE;
				MTL_FAST_MATH = YES;
				ONLY_ACTIVE_ARCH = YES;
				SDKROOT = iphoneos;
				SWIFT_ACTIVE_COMPILATION_CONDITIONS = "DEBUG $(inherited)";
				SWIFT_OPTIMIZATION_LEVEL = "-Onone";
			};
			name = Debug;
		};
		CBAA71002B8253BC00CB9D41 /* Release */ = {
			isa = XCBuildConfiguration;
			buildSettings = {
				ALWAYS_SEARCH_USER_PATHS = NO;
				ASSETCATALOG_COMPILER_GENERATE_SWIFT_ASSET_SYMBOL_EXTENSIONS = YES;
				CLANG_ANALYZER_NONNULL = YES;
				CLANG_ANALYZER_NUMBER_OBJECT_CONVERSION = YES_AGGRESSIVE;
				CLANG_CXX_LANGUAGE_STANDARD = "gnu++20";
				CLANG_ENABLE_MODULES = YES;
				CLANG_ENABLE_OBJC_ARC = YES;
				CLANG_ENABLE_OBJC_WEAK = YES;
				CLANG_WARN_BLOCK_CAPTURE_AUTORELEASING = YES;
				CLANG_WARN_BOOL_CONVERSION = YES;
				CLANG_WARN_COMMA = YES;
				CLANG_WARN_CONSTANT_CONVERSION = YES;
				CLANG_WARN_DEPRECATED_OBJC_IMPLEMENTATIONS = YES;
				CLANG_WARN_DIRECT_OBJC_ISA_USAGE = YES_ERROR;
				CLANG_WARN_DOCUMENTATION_COMMENTS = YES;
				CLANG_WARN_EMPTY_BODY = YES;
				CLANG_WARN_ENUM_CONVERSION = YES;
				CLANG_WARN_INFINITE_RECURSION = YES;
				CLANG_WARN_INT_CONVERSION = YES;
				CLANG_WARN_NON_LITERAL_NULL_CONVERSION = YES;
				CLANG_WARN_OBJC_IMPLICIT_RETAIN_SELF = YES;
				CLANG_WARN_OBJC_LITERAL_CONVERSION = YES;
				CLANG_WARN_OBJC_ROOT_CLASS = YES_ERROR;
				CLANG_WARN_QUOTED_INCLUDE_IN_FRAMEWORK_HEADER = YES;
				CLANG_WARN_RANGE_LOOP_ANALYSIS = YES;
				CLANG_WARN_STRICT_PROTOTYPES = YES;
				CLANG_WARN_SUSPICIOUS_MOVE = YES;
				CLANG_WARN_UNGUARDED_AVAILABILITY = YES_AGGRESSIVE;
				CLANG_WARN_UNREACHABLE_CODE = YES;
				CLANG_WARN__DUPLICATE_METHOD_MATCH = YES;
				COPY_PHASE_STRIP = NO;
				DEBUG_INFORMATION_FORMAT = "dwarf-with-dsym";
				ENABLE_NS_ASSERTIONS = NO;
				ENABLE_STRICT_OBJC_MSGSEND = YES;
				ENABLE_USER_SCRIPT_SANDBOXING = YES;
				GCC_C_LANGUAGE_STANDARD = gnu17;
				GCC_NO_COMMON_BLOCKS = YES;
				GCC_WARN_64_TO_32_BIT_CONVERSION = YES;
				GCC_WARN_ABOUT_RETURN_TYPE = YES_ERROR;
				GCC_WARN_UNDECLARED_SELECTOR = YES;
				GCC_WARN_UNINITIALIZED_AUTOS = YES_AGGRESSIVE;
				GCC_WARN_UNUSED_FUNCTION = YES;
				GCC_WARN_UNUSED_VARIABLE = YES;
				IPHONEOS_DEPLOYMENT_TARGET = 17.2;
				LOCALIZATION_PREFERS_STRING_CATALOGS = YES;
				MTL_ENABLE_DEBUG_INFO = NO;
				MTL_FAST_MATH = YES;
				SDKROOT = iphoneos;
				SWIFT_COMPILATION_MODE = wholemodule;
				VALIDATE_PRODUCT = YES;
			};
			name = Release;
		};
		CBAA71022B8253BC00CB9D41 /* Debug */ = {
			isa = XCBuildConfiguration;
			buildSettings = {
				ASSETCATALOG_COMPILER_APPICON_NAME = AppIcon;
				ASSETCATALOG_COMPILER_GLOBAL_ACCENT_COLOR_NAME = AccentColor;
				CODE_SIGN_STYLE = Automatic;
				CURRENT_PROJECT_VERSION = 1;
				DEVELOPMENT_TEAM = 4Z356P7658;
				GENERATE_INFOPLIST_FILE = YES;
				INFOPLIST_FILE = RPS/Info.plist;
				INFOPLIST_KEY_UIApplicationSupportsIndirectInputEvents = YES;
				INFOPLIST_KEY_UILaunchStoryboardName = LaunchScreen;
				INFOPLIST_KEY_UIMainStoryboardFile = Main;
				INFOPLIST_KEY_UISupportedInterfaceOrientations_iPad = "UIInterfaceOrientationPortrait UIInterfaceOrientationPortraitUpsideDown UIInterfaceOrientationLandscapeLeft UIInterfaceOrientationLandscapeRight";
				INFOPLIST_KEY_UISupportedInterfaceOrientations_iPhone = "UIInterfaceOrientationPortrait UIInterfaceOrientationLandscapeLeft UIInterfaceOrientationLandscapeRight";
				LD_RUNPATH_SEARCH_PATHS = (
					"$(inherited)",
					"@executable_path/Frameworks",
				);
				MARKETING_VERSION = 1.0;
				PRODUCT_BUNDLE_IDENTIFIER = com.NaiCode.RPS;
				PRODUCT_NAME = "$(TARGET_NAME)";
				SWIFT_EMIT_LOC_STRINGS = YES;
				SWIFT_VERSION = 5.0;
				TARGETED_DEVICE_FAMILY = "1,2";
			};
			name = Debug;
		};
		CBAA71032B8253BC00CB9D41 /* Release */ = {
			isa = XCBuildConfiguration;
			buildSettings = {
				ASSETCATALOG_COMPILER_APPICON_NAME = AppIcon;
				ASSETCATALOG_COMPILER_GLOBAL_ACCENT_COLOR_NAME = AccentColor;
				CODE_SIGN_STYLE = Automatic;
				CURRENT_PROJECT_VERSION = 1;
				DEVELOPMENT_TEAM = 4Z356P7658;
				GENERATE_INFOPLIST_FILE = YES;
				INFOPLIST_FILE = RPS/Info.plist;
				INFOPLIST_KEY_UIApplicationSupportsIndirectInputEvents = YES;
				INFOPLIST_KEY_UILaunchStoryboardName = LaunchScreen;
				INFOPLIST_KEY_UIMainStoryboardFile = Main;
				INFOPLIST_KEY_UISupportedInterfaceOrientations_iPad = "UIInterfaceOrientationPortrait UIInterfaceOrientationPortraitUpsideDown UIInterfaceOrientationLandscapeLeft UIInterfaceOrientationLandscapeRight";
				INFOPLIST_KEY_UISupportedInterfaceOrientations_iPhone = "UIInterfaceOrientationPortrait UIInterfaceOrientationLandscapeLeft UIInterfaceOrientationLandscapeRight";
				LD_RUNPATH_SEARCH_PATHS = (
					"$(inherited)",
					"@executable_path/Frameworks",
				);
				MARKETING_VERSION = 1.0;
				PRODUCT_BUNDLE_IDENTIFIER = com.NaiCode.RPS;
				PRODUCT_NAME = "$(TARGET_NAME)";
				SWIFT_EMIT_LOC_STRINGS = YES;
				SWIFT_VERSION = 5.0;
				TARGETED_DEVICE_FAMILY = "1,2";
			};
			name = Release;
		};
		CBAA71052B8253BC00CB9D41 /* Debug */ = {
			isa = XCBuildConfiguration;
			buildSettings = {
				ALWAYS_EMBED_SWIFT_STANDARD_LIBRARIES = YES;
				BUNDLE_LOADER = "$(TEST_HOST)";
				CODE_SIGN_STYLE = Automatic;
				CURRENT_PROJECT_VERSION = 1;
				DEVELOPMENT_TEAM = 4Z356P7658;
				GENERATE_INFOPLIST_FILE = YES;
				IPHONEOS_DEPLOYMENT_TARGET = 17.2;
				MARKETING_VERSION = 1.0;
				PRODUCT_BUNDLE_IDENTIFIER = com.NaiCode.RPSTests;
				PRODUCT_NAME = "$(TARGET_NAME)";
				SWIFT_EMIT_LOC_STRINGS = NO;
				SWIFT_VERSION = 5.0;
				TARGETED_DEVICE_FAMILY = "1,2";
				TEST_HOST = "$(BUILT_PRODUCTS_DIR)/RPS.app/$(BUNDLE_EXECUTABLE_FOLDER_PATH)/RPS";
			};
			name = Debug;
		};
		CBAA71062B8253BC00CB9D41 /* Release */ = {
			isa = XCBuildConfiguration;
			buildSettings = {
				ALWAYS_EMBED_SWIFT_STANDARD_LIBRARIES = YES;
				BUNDLE_LOADER = "$(TEST_HOST)";
				CODE_SIGN_STYLE = Automatic;
				CURRENT_PROJECT_VERSION = 1;
				DEVELOPMENT_TEAM = 4Z356P7658;
				GENERATE_INFOPLIST_FILE = YES;
				IPHONEOS_DEPLOYMENT_TARGET = 17.2;
				MARKETING_VERSION = 1.0;
				PRODUCT_BUNDLE_IDENTIFIER = com.NaiCode.RPSTests;
				PRODUCT_NAME = "$(TARGET_NAME)";
				SWIFT_EMIT_LOC_STRINGS = NO;
				SWIFT_VERSION = 5.0;
				TARGETED_DEVICE_FAMILY = "1,2";
				TEST_HOST = "$(BUILT_PRODUCTS_DIR)/RPS.app/$(BUNDLE_EXECUTABLE_FOLDER_PATH)/RPS";
			};
			name = Release;
		};
		CBAA71082B8253BC00CB9D41 /* Debug */ = {
			isa = XCBuildConfiguration;
			buildSettings = {
				ALWAYS_EMBED_SWIFT_STANDARD_LIBRARIES = YES;
				CODE_SIGN_STYLE = Automatic;
				CURRENT_PROJECT_VERSION = 1;
				DEVELOPMENT_TEAM = 4Z356P7658;
				GENERATE_INFOPLIST_FILE = YES;
				MARKETING_VERSION = 1.0;
				PRODUCT_BUNDLE_IDENTIFIER = com.NaiCode.RPSUITests;
				PRODUCT_NAME = "$(TARGET_NAME)";
				SWIFT_EMIT_LOC_STRINGS = NO;
				SWIFT_VERSION = 5.0;
				TARGETED_DEVICE_FAMILY = "1,2";
				TEST_TARGET_NAME = RPS;
			};
			name = Debug;
		};
		CBAA71092B8253BC00CB9D41 /* Release */ = {
			isa = XCBuildConfiguration;
			buildSettings = {
				ALWAYS_EMBED_SWIFT_STANDARD_LIBRARIES = YES;
				CODE_SIGN_STYLE = Automatic;
				CURRENT_PROJECT_VERSION = 1;
				DEVELOPMENT_TEAM = 4Z356P7658;
				GENERATE_INFOPLIST_FILE = YES;
				MARKETING_VERSION = 1.0;
				PRODUCT_BUNDLE_IDENTIFIER = com.NaiCode.RPSUITests;
				PRODUCT_NAME = "$(TARGET_NAME)";
				SWIFT_EMIT_LOC_STRINGS = NO;
				SWIFT_VERSION = 5.0;
				TARGETED_DEVICE_FAMILY = "1,2";
				TEST_TARGET_NAME = RPS;
			};
			name = Release;
		};
/* End XCBuildConfiguration section */

/* Begin XCConfigurationList section */
		CBAA70D22B8253B500CB9D41 /* Build configuration list for PBXProject "RPS" */ = {
			isa = XCConfigurationList;
			buildConfigurations = (
				CBAA70FF2B8253BC00CB9D41 /* Debug */,
				CBAA71002B8253BC00CB9D41 /* Release */,
			);
			defaultConfigurationIsVisible = 0;
			defaultConfigurationName = Release;
		};
		CBAA71012B8253BC00CB9D41 /* Build configuration list for PBXNativeTarget "RPS" */ = {
			isa = XCConfigurationList;
			buildConfigurations = (
				CBAA71022B8253BC00CB9D41 /* Debug */,
				CBAA71032B8253BC00CB9D41 /* Release */,
			);
			defaultConfigurationIsVisible = 0;
			defaultConfigurationName = Release;
		};
		CBAA71042B8253BC00CB9D41 /* Build configuration list for PBXNativeTarget "RPSTests" */ = {
			isa = XCConfigurationList;
			buildConfigurations = (
				CBAA71052B8253BC00CB9D41 /* Debug */,
				CBAA71062B8253BC00CB9D41 /* Release */,
			);
			defaultConfigurationIsVisible = 0;
			defaultConfigurationName = Release;
		};
		CBAA71072B8253BC00CB9D41 /* Build configuration list for PBXNativeTarget "RPSUITests" */ = {
			isa = XCConfigurationList;
			buildConfigurations = (
				CBAA71082B8253BC00CB9D41 /* Debug */,
				CBAA71092B8253BC00CB9D41 /* Release */,
			);
			defaultConfigurationIsVisible = 0;
			defaultConfigurationName = Release;
		};
/* End XCConfigurationList section */
	};
	rootObject = CBAA70CF2B8253B500CB9D41 /* Project object */;
}
